
Microsoft Visual Studio Solution File, Format Version 12.00
# Visual Studio Version 17
VisualStudioVersion = 17.0.32112.339
MinimumVisualStudioVersion = 10.0.40219.1
Project("{FAE04EC0-301F-11D3-BF4B-00C04F79EFBC}") = "Question2", "Question2.csproj", "{5C9DAEAD-496D-4424-9DB0-A4F4EC36FF8A}"
EndProject
Global
	GlobalSection(SolutionConfigurationPlatforms) = preSolution
		Debug|Any CPU = Debug|Any CPU
		Release|Any CPU = Release|Any CPU
	EndGlobalSection
	GlobalSection(ProjectConfigurationPlatforms) = postSolution
		{5C9DAEAD-496D-4424-9DB0-A4F4EC36FF8A}.Debug|Any CPU.ActiveCfg = Debug|Any CPU
		{5C9DAEAD-496D-4424-9DB0-A4F4EC36FF8A}.Debug|Any CPU.Build.0 = Debug|Any CPU
		{5C9DAEAD-496D-4424-9DB0-A4F4EC36FF8A}.Release|Any CPU.ActiveCfg = Release|Any CPU
		{5C9DAEAD-496D-4424-9DB0-A4F4EC36FF8A}.Release|Any CPU.Build.0 = Release|Any CPU
	EndGlobalSection
	GlobalSection(SolutionProperties) = preSolution
		HideSolutionNode = FALSE
	EndGlobalSection
	GlobalSection(ExtensibilityGlobals) = postSolution
		SolutionGuid = {6ACA0036-175C-405A-ABBB-CAB47E4275F6}
	EndGlobalSection
EndGlobal
